
Microsoft Visual Studio Solution File, Format Version 11.00
# Visual Studio 2010
Project("{F184B08F-C81C-45F6-A57F-5ABD9991F28F}") = "SmarterDB.CodeProject.DataEntryVB", "SmarterDB.CodeProject.DataEntryVB\SmarterDB.CodeProject.DataEntryVB.vbproj", "{AF954358-EBFD-42FB-988A-A62A58C077E8}"
EndProject
Project("{F184B08F-C81C-45F6-A57F-5ABD9991F28F}") = "SmarterDB.CodeProject.TestDataVB", "SmarterDB.CodeProject.TestDataVB\SmarterDB.CodeProject.TestDataVB.vbproj", "{AC0B9741-CE96-45AF-B979-B20F4353412F}"
EndProject
Project("{F184B08F-C81C-45F6-A57F-5ABD9991F28F}") = "SmarterDB.CodeProject.TestEntryVB", "SmarterDB.CodeProject.TestEntryVB\SmarterDB.CodeProject.TestEntryVB.vbproj", "{718145BB-2AD7-4BE9-9146-DEDF7FF79A8B}"
EndProject
Global
	GlobalSection(SolutionConfigurationPlatforms) = preSolution
		Debug|Any CPU = Debug|Any CPU
		Debug|Mixed Platforms = Debug|Mixed Platforms
		Debug|x86 = Debug|x86
		Release|Any CPU = Release|Any CPU
		Release|Mixed Platforms = Release|Mixed Platforms
		Release|x86 = Release|x86
	EndGlobalSection
	GlobalSection(ProjectConfigurationPlatforms) = postSolution
		{AF954358-EBFD-42FB-988A-A62A58C077E8}.Debug|Any CPU.ActiveCfg = Debug|Any CPU
		{AF954358-EBFD-42FB-988A-A62A58C077E8}.Debug|Any CPU.Build.0 = Debug|Any CPU
		{AF954358-EBFD-42FB-988A-A62A58C077E8}.Debug|Mixed Platforms.ActiveCfg = Debug|Any CPU
		{AF954358-EBFD-42FB-988A-A62A58C077E8}.Debug|Mixed Platforms.Build.0 = Debug|Any CPU
		{AF954358-EBFD-42FB-988A-A62A58C077E8}.Debug|x86.ActiveCfg = Debug|Any CPU
		{AF954358-EBFD-42FB-988A-A62A58C077E8}.Release|Any CPU.ActiveCfg = Release|Any CPU
		{AF954358-EBFD-42FB-988A-A62A58C077E8}.Release|Any CPU.Build.0 = Release|Any CPU
		{AF954358-EBFD-42FB-988A-A62A58C077E8}.Release|Mixed Platforms.ActiveCfg = Release|Any CPU
		{AF954358-EBFD-42FB-988A-A62A58C077E8}.Release|Mixed Platforms.Build.0 = Release|Any CPU
		{AF954358-EBFD-42FB-988A-A62A58C077E8}.Release|x86.ActiveCfg = Release|Any CPU
		{AC0B9741-CE96-45AF-B979-B20F4353412F}.Debug|Any CPU.ActiveCfg = Debug|Any CPU
		{AC0B9741-CE96-45AF-B979-B20F4353412F}.Debug|Any CPU.Build.0 = Debug|Any CPU
		{AC0B9741-CE96-45AF-B979-B20F4353412F}.Debug|Mixed Platforms.ActiveCfg = Debug|Any CPU
		{AC0B9741-CE96-45AF-B979-B20F4353412F}.Debug|Mixed Platforms.Build.0 = Debug|Any CPU
		{AC0B9741-CE96-45AF-B979-B20F4353412F}.Debug|x86.ActiveCfg = Debug|Any CPU
		{AC0B9741-CE96-45AF-B979-B20F4353412F}.Release|Any CPU.ActiveCfg = Release|Any CPU
		{AC0B9741-CE96-45AF-B979-B20F4353412F}.Release|Any CPU.Build.0 = Release|Any CPU
		{AC0B9741-CE96-45AF-B979-B20F4353412F}.Release|Mixed Platforms.ActiveCfg = Release|Any CPU
		{AC0B9741-CE96-45AF-B979-B20F4353412F}.Release|Mixed Platforms.Build.0 = Release|Any CPU
		{AC0B9741-CE96-45AF-B979-B20F4353412F}.Release|x86.ActiveCfg = Release|Any CPU
		{718145BB-2AD7-4BE9-9146-DEDF7FF79A8B}.Debug|Any CPU.ActiveCfg = Debug|x86
		{718145BB-2AD7-4BE9-9146-DEDF7FF79A8B}.Debug|Mixed Platforms.ActiveCfg = Debug|x86
		{718145BB-2AD7-4BE9-9146-DEDF7FF79A8B}.Debug|Mixed Platforms.Build.0 = Debug|x86
		{718145BB-2AD7-4BE9-9146-DEDF7FF79A8B}.Debug|x86.ActiveCfg = Debug|x86
		{718145BB-2AD7-4BE9-9146-DEDF7FF79A8B}.Debug|x86.Build.0 = Debug|x86
		{718145BB-2AD7-4BE9-9146-DEDF7FF79A8B}.Release|Any CPU.ActiveCfg = Release|x86
		{718145BB-2AD7-4BE9-9146-DEDF7FF79A8B}.Release|Mixed Platforms.ActiveCfg = Release|x86
		{718145BB-2AD7-4BE9-9146-DEDF7FF79A8B}.Release|Mixed Platforms.Build.0 = Release|x86
		{718145BB-2AD7-4BE9-9146-DEDF7FF79A8B}.Release|x86.ActiveCfg = Release|x86
		{718145BB-2AD7-4BE9-9146-DEDF7FF79A8B}.Release|x86.Build.0 = Release|x86
	EndGlobalSection
	GlobalSection(SolutionProperties) = preSolution
		HideSolutionNode = FALSE
	EndGlobalSection
EndGlobal
